
Microsoft Visual Studio Solution File, Format Version 12.00
Project("{FAE04EC0-301F-11D3-BF4B-00C04F79EFBC}") = "ProbnyKolos2", "ProbnyKolos2\ProbnyKolos2.csproj", "{8851E6CB-3268-435F-8F00-0FB5D379431E}"
EndProject
Global
	GlobalSection(SolutionConfigurationPlatforms) = preSolution
		Debug|Any CPU = Debug|Any CPU
		Release|Any CPU = Release|Any CPU
	EndGlobalSection
	GlobalSection(ProjectConfigurationPlatforms) = postSolution
		{8851E6CB-3268-435F-8F00-0FB5D379431E}.Debug|Any CPU.ActiveCfg = Debug|Any CPU
		{8851E6CB-3268-435F-8F00-0FB5D379431E}.Debug|Any CPU.Build.0 = Debug|Any CPU
		{8851E6CB-3268-435F-8F00-0FB5D379431E}.Release|Any CPU.ActiveCfg = Release|Any CPU
		{8851E6CB-3268-435F-8F00-0FB5D379431E}.Release|Any CPU.Build.0 = Release|Any CPU
	EndGlobalSection
EndGlobal
